
Microsoft Visual Studio Solution File, Format Version 12.00
# Visual Studio Version 17
VisualStudioVersion = 17.0.31903.59
MinimumVisualStudioVersion = 10.0.40219.1
Project("{FAE04EC0-301F-11D3-BF4B-00C04F79EFBC}") = "Escambo.WebAPI", "Escambo.WebAPI\Escambo.WebAPI.csproj", "{EDBD287D-A06E-4DAC-B655-076EFFD7232F}"
EndProject
Global
	GlobalSection(SolutionConfigurationPlatforms) = preSolution
		Debug|Any CPU = Debug|Any CPU
		Release|Any CPU = Release|Any CPU
	EndGlobalSection
	GlobalSection(SolutionProperties) = preSolution
		HideSolutionNode = FALSE
	EndGlobalSection
	GlobalSection(ProjectConfigurationPlatforms) = postSolution
		{EDBD287D-A06E-4DAC-B655-076EFFD7232F}.Debug|Any CPU.ActiveCfg = Debug|Any CPU
		{EDBD287D-A06E-4DAC-B655-076EFFD7232F}.Debug|Any CPU.Build.0 = Debug|Any CPU
		{EDBD287D-A06E-4DAC-B655-076EFFD7232F}.Release|Any CPU.ActiveCfg = Release|Any CPU
		{EDBD287D-A06E-4DAC-B655-076EFFD7232F}.Release|Any CPU.Build.0 = Release|Any CPU
	EndGlobalSection
EndGlobal
