
Microsoft Visual Studio Solution File, Format Version 12.00
# Visual Studio Version 17
VisualStudioVersion = 17.0.31903.59
MinimumVisualStudioVersion = 10.0.40219.1
Project("{FAE04EC0-301F-11D3-BF4B-00C04F79EFBC}") = "TechMed.Dommain", "TechMed.Dommain\TechMed.Dommain.csproj", "{821022A4-F332-4941-B802-25F3233B5C78}"
EndProject
Project("{FAE04EC0-301F-11D3-BF4B-00C04F79EFBC}") = "TechMed.Infra", "TechMed.Infra\TechMed.Infra.csproj", "{267BD384-1560-48F0-A9BA-77AAA0F49D47}"
EndProject
Project("{FAE04EC0-301F-11D3-BF4B-00C04F79EFBC}") = "TechMed.Aplication", "TechMed.Aplication\TechMed.Aplication.csproj", "{430E3004-DC8E-4143-A0C2-D6EBE603BA7C}"
EndProject
Project("{FAE04EC0-301F-11D3-BF4B-00C04F79EFBC}") = "TechMed.WebAPI", "TechMed.WebAPI\TechMed.WebAPI.csproj", "{5F30CECA-CAF8-44D3-AAB0-9B934522D05D}"
EndProject
Global
	GlobalSection(SolutionConfigurationPlatforms) = preSolution
		Debug|Any CPU = Debug|Any CPU
		Release|Any CPU = Release|Any CPU
	EndGlobalSection
	GlobalSection(SolutionProperties) = preSolution
		HideSolutionNode = FALSE
	EndGlobalSection
	GlobalSection(ProjectConfigurationPlatforms) = postSolution
		{821022A4-F332-4941-B802-25F3233B5C78}.Debug|Any CPU.ActiveCfg = Debug|Any CPU
		{821022A4-F332-4941-B802-25F3233B5C78}.Debug|Any CPU.Build.0 = Debug|Any CPU
		{821022A4-F332-4941-B802-25F3233B5C78}.Release|Any CPU.ActiveCfg = Release|Any CPU
		{821022A4-F332-4941-B802-25F3233B5C78}.Release|Any CPU.Build.0 = Release|Any CPU
		{267BD384-1560-48F0-A9BA-77AAA0F49D47}.Debug|Any CPU.ActiveCfg = Debug|Any CPU
		{267BD384-1560-48F0-A9BA-77AAA0F49D47}.Debug|Any CPU.Build.0 = Debug|Any CPU
		{267BD384-1560-48F0-A9BA-77AAA0F49D47}.Release|Any CPU.ActiveCfg = Release|Any CPU
		{267BD384-1560-48F0-A9BA-77AAA0F49D47}.Release|Any CPU.Build.0 = Release|Any CPU
		{430E3004-DC8E-4143-A0C2-D6EBE603BA7C}.Debug|Any CPU.ActiveCfg = Debug|Any CPU
		{430E3004-DC8E-4143-A0C2-D6EBE603BA7C}.Debug|Any CPU.Build.0 = Debug|Any CPU
		{430E3004-DC8E-4143-A0C2-D6EBE603BA7C}.Release|Any CPU.ActiveCfg = Release|Any CPU
		{430E3004-DC8E-4143-A0C2-D6EBE603BA7C}.Release|Any CPU.Build.0 = Release|Any CPU
		{5F30CECA-CAF8-44D3-AAB0-9B934522D05D}.Debug|Any CPU.ActiveCfg = Debug|Any CPU
		{5F30CECA-CAF8-44D3-AAB0-9B934522D05D}.Debug|Any CPU.Build.0 = Debug|Any CPU
		{5F30CECA-CAF8-44D3-AAB0-9B934522D05D}.Release|Any CPU.ActiveCfg = Release|Any CPU
		{5F30CECA-CAF8-44D3-AAB0-9B934522D05D}.Release|Any CPU.Build.0 = Release|Any CPU
	EndGlobalSection
EndGlobal
